
Microsoft Visual Studio Solution File, Format Version 12.00
# Visual Studio Version 16
VisualStudioVersion = 16.0.29613.14
MinimumVisualStudioVersion = 10.0.40219.1
Project("{9A19103F-16F7-4668-BE54-9A1E7A4F7556}") = "Tiveria.Home.OneWire", "src\Tiveria.Home.OneWire\Tiveria.Home.OneWire.csproj", "{D61744D1-9C7B-43CE-9699-0B3EB306BEDC}"
EndProject
Project("{FAE04EC0-301F-11D3-BF4B-00C04F79EFBC}") = "Tiveria.Home.OneWire.SampleApp", "src\Tiveria.Home.OneWire.SampleApp\Tiveria.Home.OneWire.SampleApp.csproj", "{35ACF5D5-C37F-4554-80E2-5E593EB864F4}"
EndProject
Project("{FAE04EC0-301F-11D3-BF4B-00C04F79EFBC}") = "Tiveria.Home.OneWire.UnitTests", "src\Tiveria.Home.OneWire.UnitTests\Tiveria.Home.OneWire.UnitTests.csproj", "{29C4A78F-7F43-4626-8EFB-B26ECE2F38A7}"
EndProject
Global
	GlobalSection(SolutionConfigurationPlatforms) = preSolution
		Debug|Any CPU = Debug|Any CPU
		Release|Any CPU = Release|Any CPU
	EndGlobalSection
	GlobalSection(ProjectConfigurationPlatforms) = postSolution
		{D61744D1-9C7B-43CE-9699-0B3EB306BEDC}.Debug|Any CPU.ActiveCfg = Debug|Any CPU
		{D61744D1-9C7B-43CE-9699-0B3EB306BEDC}.Debug|Any CPU.Build.0 = Debug|Any CPU
		{D61744D1-9C7B-43CE-9699-0B3EB306BEDC}.Release|Any CPU.ActiveCfg = Release|Any CPU
		{D61744D1-9C7B-43CE-9699-0B3EB306BEDC}.Release|Any CPU.Build.0 = Release|Any CPU
		{35ACF5D5-C37F-4554-80E2-5E593EB864F4}.Debug|Any CPU.ActiveCfg = Debug|Any CPU
		{35ACF5D5-C37F-4554-80E2-5E593EB864F4}.Debug|Any CPU.Build.0 = Debug|Any CPU
		{35ACF5D5-C37F-4554-80E2-5E593EB864F4}.Release|Any CPU.ActiveCfg = Release|Any CPU
		{35ACF5D5-C37F-4554-80E2-5E593EB864F4}.Release|Any CPU.Build.0 = Release|Any CPU
		{29C4A78F-7F43-4626-8EFB-B26ECE2F38A7}.Debug|Any CPU.ActiveCfg = Debug|Any CPU
		{29C4A78F-7F43-4626-8EFB-B26ECE2F38A7}.Debug|Any CPU.Build.0 = Debug|Any CPU
		{29C4A78F-7F43-4626-8EFB-B26ECE2F38A7}.Release|Any CPU.ActiveCfg = Release|Any CPU
		{29C4A78F-7F43-4626-8EFB-B26ECE2F38A7}.Release|Any CPU.Build.0 = Release|Any CPU
	EndGlobalSection
	GlobalSection(SolutionProperties) = preSolution
		HideSolutionNode = FALSE
	EndGlobalSection
	GlobalSection(ExtensibilityGlobals) = postSolution
		SolutionGuid = {2543EFC8-B2EA-4A06-A30F-1B2986F750FD}
	EndGlobalSection
EndGlobal
